
Microsoft Visual Studio Solution File, Format Version 12.00
# Visual Studio 15
VisualStudioVersion = 15.0.27130.2026
MinimumVisualStudioVersion = 10.0.40219.1
Project("{FAE04EC0-301F-11D3-BF4B-00C04F79EFBC}") = "ActionPrint", "ActionPoint\ActionPrint.csproj", "{35F1E76B-B926-42BF-91AC-B00980347CCC}"
EndProject
Project("{FAE04EC0-301F-11D3-BF4B-00C04F79EFBC}") = "KnightsOfHonor", "KnightsOfHonor\KnightsOfHonor.csproj", "{5797DB48-80FF-4DA5-B503-516C518006A8}"
EndProject
Project("{FAE04EC0-301F-11D3-BF4B-00C04F79EFBC}") = "CustomMinFunction", "CustomMinFunction\CustomMinFunction.csproj", "{35AD7EE6-575E-4C3F-B744-231411F1A199}"
EndProject
Project("{FAE04EC0-301F-11D3-BF4B-00C04F79EFBC}") = "FindEvensOrOdds", "FindEvensOrOdds\FindEvensOrOdds.csproj", "{2B8229BB-1D5C-4247-80BC-BFA6BDA2A7B8}"
EndProject
Project("{FAE04EC0-301F-11D3-BF4B-00C04F79EFBC}") = "AppliedArithmetics", "AppliedArithmetics\AppliedArithmetics.csproj", "{828FF1E2-7A68-4598-9547-7554E45B9C4D}"
EndProject
Project("{FAE04EC0-301F-11D3-BF4B-00C04F79EFBC}") = "ReverseAndExclude", "ReverseAndExclude\ReverseAndExclude.csproj", "{9E0BF9AD-E53E-48C8-912C-7925021D7A09}"
EndProject
Project("{FAE04EC0-301F-11D3-BF4B-00C04F79EFBC}") = "PredicateForNames", "PredicateForNames\PredicateForNames.csproj", "{C7635A77-A2B7-4FDC-88FA-2F7224C05551}"
EndProject
Project("{FAE04EC0-301F-11D3-BF4B-00C04F79EFBC}") = "CustomComparator", "CustomComparator\CustomComparator.csproj", "{05236A2C-21E4-4DC3-BD7F-688C38675743}"
EndProject
Project("{FAE04EC0-301F-11D3-BF4B-00C04F79EFBC}") = "ListOfPredicates", "ListOfPredicates\ListOfPredicates.csproj", "{A13ABB34-89DE-4FC3-AAFE-BAAAD5B54945}"
EndProject
Project("{FAE04EC0-301F-11D3-BF4B-00C04F79EFBC}") = "PredicateParty", "PredicateParty\PredicateParty.csproj", "{4D4CE631-90CB-44EF-88C2-BAA5759AA0B7}"
EndProject
Project("{FAE04EC0-301F-11D3-BF4B-00C04F79EFBC}") = "PartyReservationFilterModule", "PartyReservationFilterModule\PartyReservationFilterModule.csproj", "{6B43FCA4-124A-457C-813A-A62F5941C755}"
EndProject
Project("{FAE04EC0-301F-11D3-BF4B-00C04F79EFBC}") = "TriFunction", "TriFunction\TriFunction.csproj", "{3FC82F8E-AC2E-4A52-A8FD-0A4B137FB27E}"
EndProject
Global
	GlobalSection(SolutionConfigurationPlatforms) = preSolution
		Debug|Any CPU = Debug|Any CPU
		Release|Any CPU = Release|Any CPU
	EndGlobalSection
	GlobalSection(ProjectConfigurationPlatforms) = postSolution
		{35F1E76B-B926-42BF-91AC-B00980347CCC}.Debug|Any CPU.ActiveCfg = Debug|Any CPU
		{35F1E76B-B926-42BF-91AC-B00980347CCC}.Debug|Any CPU.Build.0 = Debug|Any CPU
		{35F1E76B-B926-42BF-91AC-B00980347CCC}.Release|Any CPU.ActiveCfg = Release|Any CPU
		{35F1E76B-B926-42BF-91AC-B00980347CCC}.Release|Any CPU.Build.0 = Release|Any CPU
		{5797DB48-80FF-4DA5-B503-516C518006A8}.Debug|Any CPU.ActiveCfg = Debug|Any CPU
		{5797DB48-80FF-4DA5-B503-516C518006A8}.Debug|Any CPU.Build.0 = Debug|Any CPU
		{5797DB48-80FF-4DA5-B503-516C518006A8}.Release|Any CPU.ActiveCfg = Release|Any CPU
		{5797DB48-80FF-4DA5-B503-516C518006A8}.Release|Any CPU.Build.0 = Release|Any CPU
		{35AD7EE6-575E-4C3F-B744-231411F1A199}.Debug|Any CPU.ActiveCfg = Debug|Any CPU
		{35AD7EE6-575E-4C3F-B744-231411F1A199}.Debug|Any CPU.Build.0 = Debug|Any CPU
		{35AD7EE6-575E-4C3F-B744-231411F1A199}.Release|Any CPU.ActiveCfg = Release|Any CPU
		{35AD7EE6-575E-4C3F-B744-231411F1A199}.Release|Any CPU.Build.0 = Release|Any CPU
		{2B8229BB-1D5C-4247-80BC-BFA6BDA2A7B8}.Debug|Any CPU.ActiveCfg = Debug|Any CPU
		{2B8229BB-1D5C-4247-80BC-BFA6BDA2A7B8}.Debug|Any CPU.Build.0 = Debug|Any CPU
		{2B8229BB-1D5C-4247-80BC-BFA6BDA2A7B8}.Release|Any CPU.ActiveCfg = Release|Any CPU
		{2B8229BB-1D5C-4247-80BC-BFA6BDA2A7B8}.Release|Any CPU.Build.0 = Release|Any CPU
		{828FF1E2-7A68-4598-9547-7554E45B9C4D}.Debug|Any CPU.ActiveCfg = Debug|Any CPU
		{828FF1E2-7A68-4598-9547-7554E45B9C4D}.Debug|Any CPU.Build.0 = Debug|Any CPU
		{828FF1E2-7A68-4598-9547-7554E45B9C4D}.Release|Any CPU.ActiveCfg = Release|Any CPU
		{828FF1E2-7A68-4598-9547-7554E45B9C4D}.Release|Any CPU.Build.0 = Release|Any CPU
		{9E0BF9AD-E53E-48C8-912C-7925021D7A09}.Debug|Any CPU.ActiveCfg = Debug|Any CPU
		{9E0BF9AD-E53E-48C8-912C-7925021D7A09}.Debug|Any CPU.Build.0 = Debug|Any CPU
		{9E0BF9AD-E53E-48C8-912C-7925021D7A09}.Release|Any CPU.ActiveCfg = Release|Any CPU
		{9E0BF9AD-E53E-48C8-912C-7925021D7A09}.Release|Any CPU.Build.0 = Release|Any CPU
		{C7635A77-A2B7-4FDC-88FA-2F7224C05551}.Debug|Any CPU.ActiveCfg = Debug|Any CPU
		{C7635A77-A2B7-4FDC-88FA-2F7224C05551}.Debug|Any CPU.Build.0 = Debug|Any CPU
		{C7635A77-A2B7-4FDC-88FA-2F7224C05551}.Release|Any CPU.ActiveCfg = Release|Any CPU
		{C7635A77-A2B7-4FDC-88FA-2F7224C05551}.Release|Any CPU.Build.0 = Release|Any CPU
		{05236A2C-21E4-4DC3-BD7F-688C38675743}.Debug|Any CPU.ActiveCfg = Debug|Any CPU
		{05236A2C-21E4-4DC3-BD7F-688C38675743}.Debug|Any CPU.Build.0 = Debug|Any CPU
		{05236A2C-21E4-4DC3-BD7F-688C38675743}.Release|Any CPU.ActiveCfg = Release|Any CPU
		{05236A2C-21E4-4DC3-BD7F-688C38675743}.Release|Any CPU.Build.0 = Release|Any CPU
		{A13ABB34-89DE-4FC3-AAFE-BAAAD5B54945}.Debug|Any CPU.ActiveCfg = Debug|Any CPU
		{A13ABB34-89DE-4FC3-AAFE-BAAAD5B54945}.Debug|Any CPU.Build.0 = Debug|Any CPU
		{A13ABB34-89DE-4FC3-AAFE-BAAAD5B54945}.Release|Any CPU.ActiveCfg = Release|Any CPU
		{A13ABB34-89DE-4FC3-AAFE-BAAAD5B54945}.Release|Any CPU.Build.0 = Release|Any CPU
		{4D4CE631-90CB-44EF-88C2-BAA5759AA0B7}.Debug|Any CPU.ActiveCfg = Debug|Any CPU
		{4D4CE631-90CB-44EF-88C2-BAA5759AA0B7}.Debug|Any CPU.Build.0 = Debug|Any CPU
		{4D4CE631-90CB-44EF-88C2-BAA5759AA0B7}.Release|Any CPU.ActiveCfg = Release|Any CPU
		{4D4CE631-90CB-44EF-88C2-BAA5759AA0B7}.Release|Any CPU.Build.0 = Release|Any CPU
		{6B43FCA4-124A-457C-813A-A62F5941C755}.Debug|Any CPU.ActiveCfg = Debug|Any CPU
		{6B43FCA4-124A-457C-813A-A62F5941C755}.Debug|Any CPU.Build.0 = Debug|Any CPU
		{6B43FCA4-124A-457C-813A-A62F5941C755}.Release|Any CPU.ActiveCfg = Release|Any CPU
		{6B43FCA4-124A-457C-813A-A62F5941C755}.Release|Any CPU.Build.0 = Release|Any CPU
		{3FC82F8E-AC2E-4A52-A8FD-0A4B137FB27E}.Debug|Any CPU.ActiveCfg = Debug|Any CPU
		{3FC82F8E-AC2E-4A52-A8FD-0A4B137FB27E}.Debug|Any CPU.Build.0 = Debug|Any CPU
		{3FC82F8E-AC2E-4A52-A8FD-0A4B137FB27E}.Release|Any CPU.ActiveCfg = Release|Any CPU
		{3FC82F8E-AC2E-4A52-A8FD-0A4B137FB27E}.Release|Any CPU.Build.0 = Release|Any CPU
	EndGlobalSection
	GlobalSection(SolutionProperties) = preSolution
		HideSolutionNode = FALSE
	EndGlobalSection
	GlobalSection(ExtensibilityGlobals) = postSolution
		SolutionGuid = {42A87C18-B803-4E37-908B-6D56C29D6AC6}
	EndGlobalSection
EndGlobal
