
Microsoft Visual Studio Solution File, Format Version 12.00
# Visual Studio 15
VisualStudioVersion = 15.0.27130.2020
MinimumVisualStudioVersion = 10.0.40219.1
Project("{9A19103F-16F7-4668-BE54-9A1E7A4F7556}") = "StudentResults", "StudentResults\StudentResults.csproj", "{8AA59013-A9A4-4F5C-A078-94EE669D979A}"
EndProject
Project("{9A19103F-16F7-4668-BE54-9A1E7A4F7556}") = "ParseURLs", "ParseURLs\ParseURLs.csproj", "{DD0700C9-C365-40D3-A5FF-F298BAB5E54A}"
EndProject
Project("{9A19103F-16F7-4668-BE54-9A1E7A4F7556}") = "ParseTags", "ParseTags\ParseTags.csproj", "{0224E2BA-E587-4E33-8E7F-781C8D39D52E}"
EndProject
Project("{FAE04EC0-301F-11D3-BF4B-00C04F79EFBC}") = "SpecialWords", "SpecialWords\SpecialWords.csproj", "{213516FB-85B4-4523-8E66-46737DBE7C93}"
EndProject
Global
	GlobalSection(SolutionConfigurationPlatforms) = preSolution
		Debug|Any CPU = Debug|Any CPU
		Release|Any CPU = Release|Any CPU
	EndGlobalSection
	GlobalSection(ProjectConfigurationPlatforms) = postSolution
		{8AA59013-A9A4-4F5C-A078-94EE669D979A}.Debug|Any CPU.ActiveCfg = Debug|Any CPU
		{8AA59013-A9A4-4F5C-A078-94EE669D979A}.Debug|Any CPU.Build.0 = Debug|Any CPU
		{8AA59013-A9A4-4F5C-A078-94EE669D979A}.Release|Any CPU.ActiveCfg = Release|Any CPU
		{8AA59013-A9A4-4F5C-A078-94EE669D979A}.Release|Any CPU.Build.0 = Release|Any CPU
		{DD0700C9-C365-40D3-A5FF-F298BAB5E54A}.Debug|Any CPU.ActiveCfg = Debug|Any CPU
		{DD0700C9-C365-40D3-A5FF-F298BAB5E54A}.Debug|Any CPU.Build.0 = Debug|Any CPU
		{DD0700C9-C365-40D3-A5FF-F298BAB5E54A}.Release|Any CPU.ActiveCfg = Release|Any CPU
		{DD0700C9-C365-40D3-A5FF-F298BAB5E54A}.Release|Any CPU.Build.0 = Release|Any CPU
		{0224E2BA-E587-4E33-8E7F-781C8D39D52E}.Debug|Any CPU.ActiveCfg = Debug|Any CPU
		{0224E2BA-E587-4E33-8E7F-781C8D39D52E}.Debug|Any CPU.Build.0 = Debug|Any CPU
		{0224E2BA-E587-4E33-8E7F-781C8D39D52E}.Release|Any CPU.ActiveCfg = Release|Any CPU
		{0224E2BA-E587-4E33-8E7F-781C8D39D52E}.Release|Any CPU.Build.0 = Release|Any CPU
		{213516FB-85B4-4523-8E66-46737DBE7C93}.Debug|Any CPU.ActiveCfg = Debug|Any CPU
		{213516FB-85B4-4523-8E66-46737DBE7C93}.Debug|Any CPU.Build.0 = Debug|Any CPU
		{213516FB-85B4-4523-8E66-46737DBE7C93}.Release|Any CPU.ActiveCfg = Release|Any CPU
		{213516FB-85B4-4523-8E66-46737DBE7C93}.Release|Any CPU.Build.0 = Release|Any CPU
	EndGlobalSection
	GlobalSection(SolutionProperties) = preSolution
		HideSolutionNode = FALSE
	EndGlobalSection
	GlobalSection(ExtensibilityGlobals) = postSolution
		SolutionGuid = {A7B38932-48DD-4F7F-A124-87A2F021F9BB}
	EndGlobalSection
EndGlobal
