
Microsoft Visual Studio Solution File, Format Version 12.00
# Visual Studio 15
VisualStudioVersion = 15.0.27130.2010
MinimumVisualStudioVersion = 10.0.40219.1
Project("{FAE04EC0-301F-11D3-BF4B-00C04F79EFBC}") = "SumMatrixElements", "SumMatrixElements\SumMatrixElements.csproj", "{3E36C73C-9A63-4FFF-9799-53E83E9F463A}"
EndProject
Global
	GlobalSection(SolutionConfigurationPlatforms) = preSolution
		Debug|Any CPU = Debug|Any CPU
		Release|Any CPU = Release|Any CPU
	EndGlobalSection
	GlobalSection(ProjectConfigurationPlatforms) = postSolution
		{3E36C73C-9A63-4FFF-9799-53E83E9F463A}.Debug|Any CPU.ActiveCfg = Debug|Any CPU
		{3E36C73C-9A63-4FFF-9799-53E83E9F463A}.Debug|Any CPU.Build.0 = Debug|Any CPU
		{3E36C73C-9A63-4FFF-9799-53E83E9F463A}.Release|Any CPU.ActiveCfg = Release|Any CPU
		{3E36C73C-9A63-4FFF-9799-53E83E9F463A}.Release|Any CPU.Build.0 = Release|Any CPU
	EndGlobalSection
	GlobalSection(SolutionProperties) = preSolution
		HideSolutionNode = FALSE
	EndGlobalSection
	GlobalSection(ExtensibilityGlobals) = postSolution
		SolutionGuid = {64F2106B-A951-486B-83B4-C90732D788F1}
	EndGlobalSection
EndGlobal
