
Microsoft Visual Studio Solution File, Format Version 12.00
# Visual Studio 15
VisualStudioVersion = 15.0.27130.2010
MinimumVisualStudioVersion = 10.0.40219.1
Project("{9A19103F-16F7-4668-BE54-9A1E7A4F7556}") = "MatrixOfPalindromes", "MatrixOfPalindromes\MatrixOfPalindromes.csproj", "{6693A70D-D4DE-4A99-ADB0-96BB0FFAA515}"
EndProject
Project("{9A19103F-16F7-4668-BE54-9A1E7A4F7556}") = "DiagonalDifference", "DiagonalDifference\DiagonalDifference.csproj", "{DE001A07-ED69-4A00-A79D-DE135D19B5E2}"
EndProject
Project("{9A19103F-16F7-4668-BE54-9A1E7A4F7556}") = "2x2SquaresInMatrix", "2x2SquaresInMatrix\2x2SquaresInMatrix.csproj", "{65AB8132-D603-467F-93DA-C98543747C7E}"
EndProject
Project("{FAE04EC0-301F-11D3-BF4B-00C04F79EFBC}") = "MaximalSum", "MaximalSum\MaximalSum.csproj", "{FBB4E873-57BF-432A-9502-2788E3FDD221}"
EndProject
Project("{FAE04EC0-301F-11D3-BF4B-00C04F79EFBC}") = "RubiksMatrix", "RubiksMatrix\RubiksMatrix.csproj", "{D60970D9-C644-415D-95AA-F00ABC8C3265}"
EndProject
Global
	GlobalSection(SolutionConfigurationPlatforms) = preSolution
		Debug|Any CPU = Debug|Any CPU
		Release|Any CPU = Release|Any CPU
	EndGlobalSection
	GlobalSection(ProjectConfigurationPlatforms) = postSolution
		{6693A70D-D4DE-4A99-ADB0-96BB0FFAA515}.Debug|Any CPU.ActiveCfg = Debug|Any CPU
		{6693A70D-D4DE-4A99-ADB0-96BB0FFAA515}.Debug|Any CPU.Build.0 = Debug|Any CPU
		{6693A70D-D4DE-4A99-ADB0-96BB0FFAA515}.Release|Any CPU.ActiveCfg = Release|Any CPU
		{6693A70D-D4DE-4A99-ADB0-96BB0FFAA515}.Release|Any CPU.Build.0 = Release|Any CPU
		{DE001A07-ED69-4A00-A79D-DE135D19B5E2}.Debug|Any CPU.ActiveCfg = Debug|Any CPU
		{DE001A07-ED69-4A00-A79D-DE135D19B5E2}.Debug|Any CPU.Build.0 = Debug|Any CPU
		{DE001A07-ED69-4A00-A79D-DE135D19B5E2}.Release|Any CPU.ActiveCfg = Release|Any CPU
		{DE001A07-ED69-4A00-A79D-DE135D19B5E2}.Release|Any CPU.Build.0 = Release|Any CPU
		{65AB8132-D603-467F-93DA-C98543747C7E}.Debug|Any CPU.ActiveCfg = Debug|Any CPU
		{65AB8132-D603-467F-93DA-C98543747C7E}.Debug|Any CPU.Build.0 = Debug|Any CPU
		{65AB8132-D603-467F-93DA-C98543747C7E}.Release|Any CPU.ActiveCfg = Release|Any CPU
		{65AB8132-D603-467F-93DA-C98543747C7E}.Release|Any CPU.Build.0 = Release|Any CPU
		{FBB4E873-57BF-432A-9502-2788E3FDD221}.Debug|Any CPU.ActiveCfg = Debug|Any CPU
		{FBB4E873-57BF-432A-9502-2788E3FDD221}.Debug|Any CPU.Build.0 = Debug|Any CPU
		{FBB4E873-57BF-432A-9502-2788E3FDD221}.Release|Any CPU.ActiveCfg = Release|Any CPU
		{FBB4E873-57BF-432A-9502-2788E3FDD221}.Release|Any CPU.Build.0 = Release|Any CPU
		{D60970D9-C644-415D-95AA-F00ABC8C3265}.Debug|Any CPU.ActiveCfg = Debug|Any CPU
		{D60970D9-C644-415D-95AA-F00ABC8C3265}.Debug|Any CPU.Build.0 = Debug|Any CPU
		{D60970D9-C644-415D-95AA-F00ABC8C3265}.Release|Any CPU.ActiveCfg = Release|Any CPU
		{D60970D9-C644-415D-95AA-F00ABC8C3265}.Release|Any CPU.Build.0 = Release|Any CPU
	EndGlobalSection
	GlobalSection(SolutionProperties) = preSolution
		HideSolutionNode = FALSE
	EndGlobalSection
	GlobalSection(ExtensibilityGlobals) = postSolution
		SolutionGuid = {4E8FE2A6-FDA8-4414-824E-924A0717D71A}
	EndGlobalSection
EndGlobal
