
Microsoft Visual Studio Solution File, Format Version 12.00
# Visual Studio 15
VisualStudioVersion = 15.0.27130.2010
MinimumVisualStudioVersion = 10.0.40219.1
Project("{9A19103F-16F7-4668-BE54-9A1E7A4F7556}") = "SimpleCalculator", "SimpleCalculator\SimpleCalculator.csproj", "{4D68EFFD-E773-4B93-B123-2F3BDCAD98E9}"
EndProject
Project("{9A19103F-16F7-4668-BE54-9A1E7A4F7556}") = "DecimalToBinaryConverter", "DecimalToBinaryConverter\DecimalToBinaryConverter.csproj", "{94D524D3-641E-4FC0-A7C9-C923680F69D6}"
EndProject
Project("{9A19103F-16F7-4668-BE54-9A1E7A4F7556}") = "ReverseStrings", "ReverseStrings\ReverseStrings.csproj", "{E1BBAC14-2757-4901-BF2A-98CF2C36F139}"
EndProject
Project("{9A19103F-16F7-4668-BE54-9A1E7A4F7556}") = "MatchingBrackets", "MatchingBrackets\MatchingBrackets.csproj", "{EC6AB5A5-AB74-4A09-A1CD-087EF8C0C737}"
EndProject
Project("{9A19103F-16F7-4668-BE54-9A1E7A4F7556}") = "HotPotato", "HotPotato\HotPotato.csproj", "{C9B9D8B6-FBED-4435-8045-A9180F917CFB}"
EndProject
Project("{FAE04EC0-301F-11D3-BF4B-00C04F79EFBC}") = "MathPotato", "MathPotato\MathPotato.csproj", "{64C8B12E-5D9F-428D-B1A6-40ABA58FBA3B}"
EndProject
Global
	GlobalSection(SolutionConfigurationPlatforms) = preSolution
		Debug|Any CPU = Debug|Any CPU
		Release|Any CPU = Release|Any CPU
	EndGlobalSection
	GlobalSection(ProjectConfigurationPlatforms) = postSolution
		{4D68EFFD-E773-4B93-B123-2F3BDCAD98E9}.Debug|Any CPU.ActiveCfg = Debug|Any CPU
		{4D68EFFD-E773-4B93-B123-2F3BDCAD98E9}.Debug|Any CPU.Build.0 = Debug|Any CPU
		{4D68EFFD-E773-4B93-B123-2F3BDCAD98E9}.Release|Any CPU.ActiveCfg = Release|Any CPU
		{4D68EFFD-E773-4B93-B123-2F3BDCAD98E9}.Release|Any CPU.Build.0 = Release|Any CPU
		{94D524D3-641E-4FC0-A7C9-C923680F69D6}.Debug|Any CPU.ActiveCfg = Debug|Any CPU
		{94D524D3-641E-4FC0-A7C9-C923680F69D6}.Debug|Any CPU.Build.0 = Debug|Any CPU
		{94D524D3-641E-4FC0-A7C9-C923680F69D6}.Release|Any CPU.ActiveCfg = Release|Any CPU
		{94D524D3-641E-4FC0-A7C9-C923680F69D6}.Release|Any CPU.Build.0 = Release|Any CPU
		{E1BBAC14-2757-4901-BF2A-98CF2C36F139}.Debug|Any CPU.ActiveCfg = Debug|Any CPU
		{E1BBAC14-2757-4901-BF2A-98CF2C36F139}.Debug|Any CPU.Build.0 = Debug|Any CPU
		{E1BBAC14-2757-4901-BF2A-98CF2C36F139}.Release|Any CPU.ActiveCfg = Release|Any CPU
		{E1BBAC14-2757-4901-BF2A-98CF2C36F139}.Release|Any CPU.Build.0 = Release|Any CPU
		{EC6AB5A5-AB74-4A09-A1CD-087EF8C0C737}.Debug|Any CPU.ActiveCfg = Debug|Any CPU
		{EC6AB5A5-AB74-4A09-A1CD-087EF8C0C737}.Debug|Any CPU.Build.0 = Debug|Any CPU
		{EC6AB5A5-AB74-4A09-A1CD-087EF8C0C737}.Release|Any CPU.ActiveCfg = Release|Any CPU
		{EC6AB5A5-AB74-4A09-A1CD-087EF8C0C737}.Release|Any CPU.Build.0 = Release|Any CPU
		{C9B9D8B6-FBED-4435-8045-A9180F917CFB}.Debug|Any CPU.ActiveCfg = Debug|Any CPU
		{C9B9D8B6-FBED-4435-8045-A9180F917CFB}.Debug|Any CPU.Build.0 = Debug|Any CPU
		{C9B9D8B6-FBED-4435-8045-A9180F917CFB}.Release|Any CPU.ActiveCfg = Release|Any CPU
		{C9B9D8B6-FBED-4435-8045-A9180F917CFB}.Release|Any CPU.Build.0 = Release|Any CPU
		{64C8B12E-5D9F-428D-B1A6-40ABA58FBA3B}.Debug|Any CPU.ActiveCfg = Debug|Any CPU
		{64C8B12E-5D9F-428D-B1A6-40ABA58FBA3B}.Debug|Any CPU.Build.0 = Debug|Any CPU
		{64C8B12E-5D9F-428D-B1A6-40ABA58FBA3B}.Release|Any CPU.ActiveCfg = Release|Any CPU
		{64C8B12E-5D9F-428D-B1A6-40ABA58FBA3B}.Release|Any CPU.Build.0 = Release|Any CPU
	EndGlobalSection
	GlobalSection(SolutionProperties) = preSolution
		HideSolutionNode = FALSE
	EndGlobalSection
	GlobalSection(ExtensibilityGlobals) = postSolution
		SolutionGuid = {6F83E574-E62D-4D8C-B0B5-C06B256919F4}
	EndGlobalSection
EndGlobal
