
Microsoft Visual Studio Solution File, Format Version 12.00
# Visual Studio 15
VisualStudioVersion = 15.0.27130.2027
MinimumVisualStudioVersion = 10.0.40219.1
Project("{9A19103F-16F7-4668-BE54-9A1E7A4F7556}") = "KnightGame", "KnightGame\KnightGame.csproj", "{A7A7FA72-98D6-45EA-A45B-6AA31F064D95}"
EndProject
Project("{9A19103F-16F7-4668-BE54-9A1E7A4F7556}") = "Regeh", "Regeh\Regeh.csproj", "{D5D1C8BE-9708-4A28-A32A-B860A6AD822A}"
EndProject
Project("{FAE04EC0-301F-11D3-BF4B-00C04F79EFBC}") = "NumberWars", "NumberWars\NumberWars.csproj", "{4D1D30A6-2707-4787-AF90-B70D5943CD53}"
EndProject
Global
	GlobalSection(SolutionConfigurationPlatforms) = preSolution
		Debug|Any CPU = Debug|Any CPU
		Release|Any CPU = Release|Any CPU
	EndGlobalSection
	GlobalSection(ProjectConfigurationPlatforms) = postSolution
		{A7A7FA72-98D6-45EA-A45B-6AA31F064D95}.Debug|Any CPU.ActiveCfg = Debug|Any CPU
		{A7A7FA72-98D6-45EA-A45B-6AA31F064D95}.Debug|Any CPU.Build.0 = Debug|Any CPU
		{A7A7FA72-98D6-45EA-A45B-6AA31F064D95}.Release|Any CPU.ActiveCfg = Release|Any CPU
		{A7A7FA72-98D6-45EA-A45B-6AA31F064D95}.Release|Any CPU.Build.0 = Release|Any CPU
		{D5D1C8BE-9708-4A28-A32A-B860A6AD822A}.Debug|Any CPU.ActiveCfg = Debug|Any CPU
		{D5D1C8BE-9708-4A28-A32A-B860A6AD822A}.Debug|Any CPU.Build.0 = Debug|Any CPU
		{D5D1C8BE-9708-4A28-A32A-B860A6AD822A}.Release|Any CPU.ActiveCfg = Release|Any CPU
		{D5D1C8BE-9708-4A28-A32A-B860A6AD822A}.Release|Any CPU.Build.0 = Release|Any CPU
		{4D1D30A6-2707-4787-AF90-B70D5943CD53}.Debug|Any CPU.ActiveCfg = Debug|Any CPU
		{4D1D30A6-2707-4787-AF90-B70D5943CD53}.Debug|Any CPU.Build.0 = Debug|Any CPU
		{4D1D30A6-2707-4787-AF90-B70D5943CD53}.Release|Any CPU.ActiveCfg = Release|Any CPU
		{4D1D30A6-2707-4787-AF90-B70D5943CD53}.Release|Any CPU.Build.0 = Release|Any CPU
	EndGlobalSection
	GlobalSection(SolutionProperties) = preSolution
		HideSolutionNode = FALSE
	EndGlobalSection
	GlobalSection(ExtensibilityGlobals) = postSolution
		SolutionGuid = {D47CC8F1-F04B-4B72-AB54-FD34C0B0552B}
	EndGlobalSection
EndGlobal
